
Microsoft Visual Studio Solution File, Format Version 12.00
# Visual Studio Version 17
VisualStudioVersion = 17.11.35219.272
MinimumVisualStudioVersion = 10.0.40219.1
Project("{8BC9CEB8-8B4A-11D0-8D11-00A0C91BC942}") = "Lesson 01", "Lesson 01\Lesson 01.vcxproj", "{C88CDF6C-20C1-44BC-9E80-D92ED4AE7C50}"
EndProject
Project("{8BC9CEB8-8B4A-11D0-8D11-00A0C91BC942}") = "Lesson 02", "Lesson 02\Lesson 02.vcxproj", "{6028537D-D9E7-4C3A-87CC-4CCDA178640A}"
EndProject
Project("{8BC9CEB8-8B4A-11D0-8D11-00A0C91BC942}") = "Lesson 03", "Lesson 03\Lesson 03.vcxproj", "{F485FC2F-16E4-4DA1-9029-659DCB0277E0}"
EndProject
Project("{8BC9CEB8-8B4A-11D0-8D11-00A0C91BC942}") = "Lesson 04", "Lesson 04\Lesson 04.vcxproj", "{9BE0697D-EC3C-46F1-83D4-D8B201188DFF}"
EndProject
Project("{8BC9CEB8-8B4A-11D0-8D11-00A0C91BC942}") = "Lesson 05", "Lesson 05\Lesson 05.vcxproj", "{0E673D37-614D-4F78-A9F6-25A7587800A1}"
EndProject
Project("{8BC9CEB8-8B4A-11D0-8D11-00A0C91BC942}") = "Lesson 06", "Lesson 06\Lesson 06.vcxproj", "{EB45D449-39EC-452E-A613-1C961DE057B1}"
EndProject
Project("{8BC9CEB8-8B4A-11D0-8D11-00A0C91BC942}") = "Lesson 07", "Lesson 07\Lesson 07.vcxproj", "{BCB689F8-8715-42DF-B2E9-16E94A702DDB}"
EndProject
Global
	GlobalSection(SolutionConfigurationPlatforms) = preSolution
		Debug|x64 = Debug|x64
		Debug|x86 = Debug|x86
		Release|x64 = Release|x64
		Release|x86 = Release|x86
	EndGlobalSection
	GlobalSection(ProjectConfigurationPlatforms) = postSolution
		{C88CDF6C-20C1-44BC-9E80-D92ED4AE7C50}.Debug|x64.ActiveCfg = Debug|x64
		{C88CDF6C-20C1-44BC-9E80-D92ED4AE7C50}.Debug|x64.Build.0 = Debug|x64
		{C88CDF6C-20C1-44BC-9E80-D92ED4AE7C50}.Debug|x86.ActiveCfg = Debug|Win32
		{C88CDF6C-20C1-44BC-9E80-D92ED4AE7C50}.Debug|x86.Build.0 = Debug|Win32
		{C88CDF6C-20C1-44BC-9E80-D92ED4AE7C50}.Release|x64.ActiveCfg = Release|x64
		{C88CDF6C-20C1-44BC-9E80-D92ED4AE7C50}.Release|x64.Build.0 = Release|x64
		{C88CDF6C-20C1-44BC-9E80-D92ED4AE7C50}.Release|x86.ActiveCfg = Release|Win32
		{C88CDF6C-20C1-44BC-9E80-D92ED4AE7C50}.Release|x86.Build.0 = Release|Win32
		{6028537D-D9E7-4C3A-87CC-4CCDA178640A}.Debug|x64.ActiveCfg = Debug|x64
		{6028537D-D9E7-4C3A-87CC-4CCDA178640A}.Debug|x64.Build.0 = Debug|x64
		{6028537D-D9E7-4C3A-87CC-4CCDA178640A}.Debug|x86.ActiveCfg = Debug|Win32
		{6028537D-D9E7-4C3A-87CC-4CCDA178640A}.Debug|x86.Build.0 = Debug|Win32
		{6028537D-D9E7-4C3A-87CC-4CCDA178640A}.Release|x64.ActiveCfg = Release|x64
		{6028537D-D9E7-4C3A-87CC-4CCDA178640A}.Release|x64.Build.0 = Release|x64
		{6028537D-D9E7-4C3A-87CC-4CCDA178640A}.Release|x86.ActiveCfg = Release|Win32
		{6028537D-D9E7-4C3A-87CC-4CCDA178640A}.Release|x86.Build.0 = Release|Win32
		{F485FC2F-16E4-4DA1-9029-659DCB0277E0}.Debug|x64.ActiveCfg = Debug|x64
		{F485FC2F-16E4-4DA1-9029-659DCB0277E0}.Debug|x64.Build.0 = Debug|x64
		{F485FC2F-16E4-4DA1-9029-659DCB0277E0}.Debug|x86.ActiveCfg = Debug|Win32
		{F485FC2F-16E4-4DA1-9029-659DCB0277E0}.Debug|x86.Build.0 = Debug|Win32
		{F485FC2F-16E4-4DA1-9029-659DCB0277E0}.Release|x64.ActiveCfg = Release|x64
		{F485FC2F-16E4-4DA1-9029-659DCB0277E0}.Release|x64.Build.0 = Release|x64
		{F485FC2F-16E4-4DA1-9029-659DCB0277E0}.Release|x86.ActiveCfg = Release|Win32
		{F485FC2F-16E4-4DA1-9029-659DCB0277E0}.Release|x86.Build.0 = Release|Win32
		{9BE0697D-EC3C-46F1-83D4-D8B201188DFF}.Debug|x64.ActiveCfg = Debug|x64
		{9BE0697D-EC3C-46F1-83D4-D8B201188DFF}.Debug|x64.Build.0 = Debug|x64
		{9BE0697D-EC3C-46F1-83D4-D8B201188DFF}.Debug|x86.ActiveCfg = Debug|Win32
		{9BE0697D-EC3C-46F1-83D4-D8B201188DFF}.Debug|x86.Build.0 = Debug|Win32
		{9BE0697D-EC3C-46F1-83D4-D8B201188DFF}.Release|x64.ActiveCfg = Release|x64
		{9BE0697D-EC3C-46F1-83D4-D8B201188DFF}.Release|x64.Build.0 = Release|x64
		{9BE0697D-EC3C-46F1-83D4-D8B201188DFF}.Release|x86.ActiveCfg = Release|Win32
		{9BE0697D-EC3C-46F1-83D4-D8B201188DFF}.Release|x86.Build.0 = Release|Win32
		{0E673D37-614D-4F78-A9F6-25A7587800A1}.Debug|x64.ActiveCfg = Debug|x64
		{0E673D37-614D-4F78-A9F6-25A7587800A1}.Debug|x64.Build.0 = Debug|x64
		{0E673D37-614D-4F78-A9F6-25A7587800A1}.Debug|x86.ActiveCfg = Debug|Win32
		{0E673D37-614D-4F78-A9F6-25A7587800A1}.Debug|x86.Build.0 = Debug|Win32
		{0E673D37-614D-4F78-A9F6-25A7587800A1}.Release|x64.ActiveCfg = Release|x64
		{0E673D37-614D-4F78-A9F6-25A7587800A1}.Release|x64.Build.0 = Release|x64
		{0E673D37-614D-4F78-A9F6-25A7587800A1}.Release|x86.ActiveCfg = Release|Win32
		{0E673D37-614D-4F78-A9F6-25A7587800A1}.Release|x86.Build.0 = Release|Win32
		{EB45D449-39EC-452E-A613-1C961DE057B1}.Debug|x64.ActiveCfg = Debug|x64
		{EB45D449-39EC-452E-A613-1C961DE057B1}.Debug|x64.Build.0 = Debug|x64
		{EB45D449-39EC-452E-A613-1C961DE057B1}.Debug|x86.ActiveCfg = Debug|Win32
		{EB45D449-39EC-452E-A613-1C961DE057B1}.Debug|x86.Build.0 = Debug|Win32
		{EB45D449-39EC-452E-A613-1C961DE057B1}.Release|x64.ActiveCfg = Release|x64
		{EB45D449-39EC-452E-A613-1C961DE057B1}.Release|x64.Build.0 = Release|x64
		{EB45D449-39EC-452E-A613-1C961DE057B1}.Release|x86.ActiveCfg = Release|Win32
		{EB45D449-39EC-452E-A613-1C961DE057B1}.Release|x86.Build.0 = Release|Win32
		{BCB689F8-8715-42DF-B2E9-16E94A702DDB}.Debug|x64.ActiveCfg = Debug|x64
		{BCB689F8-8715-42DF-B2E9-16E94A702DDB}.Debug|x64.Build.0 = Debug|x64
		{BCB689F8-8715-42DF-B2E9-16E94A702DDB}.Debug|x86.ActiveCfg = Debug|Win32
		{BCB689F8-8715-42DF-B2E9-16E94A702DDB}.Debug|x86.Build.0 = Debug|Win32
		{BCB689F8-8715-42DF-B2E9-16E94A702DDB}.Release|x64.ActiveCfg = Release|x64
		{BCB689F8-8715-42DF-B2E9-16E94A702DDB}.Release|x64.Build.0 = Release|x64
		{BCB689F8-8715-42DF-B2E9-16E94A702DDB}.Release|x86.ActiveCfg = Release|Win32
		{BCB689F8-8715-42DF-B2E9-16E94A702DDB}.Release|x86.Build.0 = Release|Win32
	EndGlobalSection
	GlobalSection(SolutionProperties) = preSolution
		HideSolutionNode = FALSE
	EndGlobalSection
	GlobalSection(ExtensibilityGlobals) = postSolution
		SolutionGuid = {46ACB2E8-C737-4437-8CFE-38DB55AAB024}
	EndGlobalSection
EndGlobal
